<?xml version="1.0" encoding="UTF-8" standalone="yes" ?>
<CodeBlocks_project_file>
	<FileVersion major="1" minor="6" />
	<Project>
		<Option title="hellfire" />
		<Option pch_mode="2" />
		<Option compiler="gcc" />
		<Build>
			<Target title="Debug">
				<Option output="bin/Debug/hellfire" prefix_auto="1" extension_auto="1" />
				<Option object_output="obj/Debug/" />
				<Option type="1" />
				<Option compiler="gcc" />
				<Compiler>
					<Add option="-g" />
					<Add directory="include" />
				</Compiler>
				<Linker>
					<Add directory="include" />
				</Linker>
			</Target>
			<Target title="Release">
				<Option output="bin/Release/hellfire" prefix_auto="1" extension_auto="1" />
				<Option object_output="obj/Release/" />
				<Option type="1" />
				<Option compiler="gcc" />
				<Compiler>
					<Add option="-O2" />
				</Compiler>
				<Linker>
					<Add option="-s" />
				</Linker>
			</Target>
		</Build>
		<Compiler>
			<Add option="-Wall" />
		</Compiler>
		<Unit filename="include/chapter.h" />
		<Unit filename="include/choice.h" />
		<Unit filename="include/consumable.h" />
		<Unit filename="include/enums.h" />
		<Unit filename="include/game.h" />
		<Unit filename="include/inventory.h" />
		<Unit filename="include/item.h" />
		<Unit filename="include/player.h" />
		<Unit filename="include/scene.h" />
		<Unit filename="include/tinyxml2.h" />
		<Unit filename="include/weapon.h" />
		<Unit filename="src/attributes.cpp" />
		<Unit filename="src/chapter.cpp" />
		<Unit filename="src/choice.cpp" />
		<Unit filename="src/consumable.cpp" />
		<Unit filename="src/game.cpp" />
		<Unit filename="src/inventory.cpp" />
		<Unit filename="src/item.cpp" />
		<Unit filename="src/main.cpp" />
		<Unit filename="src/player.cpp" />
		<Unit filename="src/scene.cpp" />
		<Unit filename="src/tinyxml2.cpp" />
		<Unit filename="src/weapon.cpp" />
		<Unit filename="story/story.xml" />
		<Extensions>
			<lib_finder disable_auto="1" />
		</Extensions>
	</Project>
</CodeBlocks_project_file>
